
Microsoft Visual Studio Solution File, Format Version 12.00
# Visual Studio Version 16
VisualStudioVersion = 16.0.29613.14
MinimumVisualStudioVersion = 10.0.40219.1
Project("{FAE04EC0-301F-11D3-BF4B-00C04F79EFBC}") = "Umbraco.v8", "Umbraco.v8\Umbraco.v8.csproj", "{BF825382-03B0-467F-826C-8143F6BDB77B}"
EndProject
Project("{FAE04EC0-301F-11D3-BF4B-00C04F79EFBC}") = "FastlyUmbraco.v8", "FastlyUmbraco.v8\FastlyUmbraco.v8.csproj", "{DAA47942-1385-4BE1-BB2E-28A45065018F}"
EndProject
Global
	GlobalSection(SolutionConfigurationPlatforms) = preSolution
		Debug|Any CPU = Debug|Any CPU
		Release|Any CPU = Release|Any CPU
	EndGlobalSection
	GlobalSection(ProjectConfigurationPlatforms) = postSolution
		{BF825382-03B0-467F-826C-8143F6BDB77B}.Debug|Any CPU.ActiveCfg = Debug|Any CPU
		{BF825382-03B0-467F-826C-8143F6BDB77B}.Debug|Any CPU.Build.0 = Debug|Any CPU
		{BF825382-03B0-467F-826C-8143F6BDB77B}.Release|Any CPU.ActiveCfg = Release|Any CPU
		{BF825382-03B0-467F-826C-8143F6BDB77B}.Release|Any CPU.Build.0 = Release|Any CPU
		{DAA47942-1385-4BE1-BB2E-28A45065018F}.Debug|Any CPU.ActiveCfg = Debug|Any CPU
		{DAA47942-1385-4BE1-BB2E-28A45065018F}.Debug|Any CPU.Build.0 = Debug|Any CPU
		{DAA47942-1385-4BE1-BB2E-28A45065018F}.Release|Any CPU.ActiveCfg = Release|Any CPU
		{DAA47942-1385-4BE1-BB2E-28A45065018F}.Release|Any CPU.Build.0 = Release|Any CPU
	EndGlobalSection
	GlobalSection(SolutionProperties) = preSolution
		HideSolutionNode = FALSE
	EndGlobalSection
	GlobalSection(ExtensibilityGlobals) = postSolution
		SolutionGuid = {E355ADBC-9834-4CDD-BE82-11604C81CB90}
	EndGlobalSection
EndGlobal
